
Microsoft Visual Studio Solution File, Format Version 12.00
# Visual Studio 15
VisualStudioVersion = 15.0.26228.4
MinimumVisualStudioVersion = 10.0.40219.1
Project("{FAE04EC0-301F-11D3-BF4B-00C04F79EFBC}") = "TrucoJuegoDeCartas.Entidades", "TrucoJuegoDeCartas.Entidades\TrucoJuegoDeCartas.Entidades.csproj", "{659AF477-8B00-49C0-AF28-3956C19005AD}"
EndProject
Project("{FAE04EC0-301F-11D3-BF4B-00C04F79EFBC}") = "TrucoJuegoDeCartas.Tests", "TrucoJuegoDeCartas.Tests\TrucoJuegoDeCartas.Tests.csproj", "{0477ABAE-0741-41B8-BA4E-92F2DA7D688C}"
EndProject
Project("{FAE04EC0-301F-11D3-BF4B-00C04F79EFBC}") = "TrucoJuegoDeCartas.Web", "TrucoJuegoDeCartas.Web\TrucoJuegoDeCartas.Web.csproj", "{F6BBE118-B2B5-4402-9970-4B59FE0DA6A2}"
EndProject
Global
	GlobalSection(SolutionConfigurationPlatforms) = preSolution
		Debug|Any CPU = Debug|Any CPU
		Release|Any CPU = Release|Any CPU
	EndGlobalSection
	GlobalSection(ProjectConfigurationPlatforms) = postSolution
		{659AF477-8B00-49C0-AF28-3956C19005AD}.Debug|Any CPU.ActiveCfg = Debug|Any CPU
		{659AF477-8B00-49C0-AF28-3956C19005AD}.Debug|Any CPU.Build.0 = Debug|Any CPU
		{659AF477-8B00-49C0-AF28-3956C19005AD}.Release|Any CPU.ActiveCfg = Release|Any CPU
		{659AF477-8B00-49C0-AF28-3956C19005AD}.Release|Any CPU.Build.0 = Release|Any CPU
		{0477ABAE-0741-41B8-BA4E-92F2DA7D688C}.Debug|Any CPU.ActiveCfg = Debug|Any CPU
		{0477ABAE-0741-41B8-BA4E-92F2DA7D688C}.Debug|Any CPU.Build.0 = Debug|Any CPU
		{0477ABAE-0741-41B8-BA4E-92F2DA7D688C}.Release|Any CPU.ActiveCfg = Release|Any CPU
		{0477ABAE-0741-41B8-BA4E-92F2DA7D688C}.Release|Any CPU.Build.0 = Release|Any CPU
		{F6BBE118-B2B5-4402-9970-4B59FE0DA6A2}.Debug|Any CPU.ActiveCfg = Debug|Any CPU
		{F6BBE118-B2B5-4402-9970-4B59FE0DA6A2}.Debug|Any CPU.Build.0 = Debug|Any CPU
		{F6BBE118-B2B5-4402-9970-4B59FE0DA6A2}.Release|Any CPU.ActiveCfg = Release|Any CPU
		{F6BBE118-B2B5-4402-9970-4B59FE0DA6A2}.Release|Any CPU.Build.0 = Release|Any CPU
	EndGlobalSection
	GlobalSection(SolutionProperties) = preSolution
		HideSolutionNode = FALSE
	EndGlobalSection
EndGlobal
